
Microsoft Visual Studio Solution File, Format Version 12.00
# Visual Studio Version 17
VisualStudioVersion = 17.4.33403.182
MinimumVisualStudioVersion = 10.0.40219.1
Project("{FAE04EC0-301F-11D3-BF4B-00C04F79EFBC}") = "DraggableApp", "DraggableApp\DraggableApp.csproj", "{1CF48A05-7FE7-4B27-940F-D3876C74C5A3}"
EndProject
Global
	GlobalSection(SolutionConfigurationPlatforms) = preSolution
		Debug|Any CPU = Debug|Any CPU
		Release|Any CPU = Release|Any CPU
	EndGlobalSection
	GlobalSection(ProjectConfigurationPlatforms) = postSolution
		{1CF48A05-7FE7-4B27-940F-D3876C74C5A3}.Debug|Any CPU.ActiveCfg = Debug|Any CPU
		{1CF48A05-7FE7-4B27-940F-D3876C74C5A3}.Debug|Any CPU.Build.0 = Debug|Any CPU
		{1CF48A05-7FE7-4B27-940F-D3876C74C5A3}.Release|Any CPU.ActiveCfg = Release|Any CPU
		{1CF48A05-7FE7-4B27-940F-D3876C74C5A3}.Release|Any CPU.Build.0 = Release|Any CPU
	EndGlobalSection
	GlobalSection(SolutionProperties) = preSolution
		HideSolutionNode = FALSE
	EndGlobalSection
	GlobalSection(ExtensibilityGlobals) = postSolution
		SolutionGuid = {14AD9AAD-AC7D-4A94-8B2E-3587B3D6A12C}
	EndGlobalSection
EndGlobal
